{
    "Spec2Annot": {
      "Package": "Spec2Annot",
      "Version": "1.0",
      "Source": "GitHub",
      "RemoteType": "github",
      "RemoteHost": "api.github.com",
      "RemoteUsername": "odisce",
      "RemoteRepo": "Spec2Annot",
      "RemoteRef": "main",
      "Requirements": [
        "R",
        "Rcpp",
        "data.table",
        "magrittr",
        "stringr"
      ],
    }
}